
Microsoft Visual Studio Solution File, Format Version 12.00
# Visual Studio Version 16
VisualStudioVersion = 16.0.29306.81
MinimumVisualStudioVersion = 10.0.40219.1
Project("{FAE04EC0-301F-11D3-BF4B-00C04F79EFBC}") = "Negate the Positive Elements of Array", "Negate the Positive Elements of Array\Negate the Positive Elements of Array.csproj", "{66D3E651-8433-4BE8-9170-5141CAA43917}"
EndProject
Global
	GlobalSection(SolutionConfigurationPlatforms) = preSolution
		Debug|Any CPU = Debug|Any CPU
		Release|Any CPU = Release|Any CPU
	EndGlobalSection
	GlobalSection(ProjectConfigurationPlatforms) = postSolution
		{66D3E651-8433-4BE8-9170-5141CAA43917}.Debug|Any CPU.ActiveCfg = Debug|Any CPU
		{66D3E651-8433-4BE8-9170-5141CAA43917}.Debug|Any CPU.Build.0 = Debug|Any CPU
		{66D3E651-8433-4BE8-9170-5141CAA43917}.Release|Any CPU.ActiveCfg = Release|Any CPU
		{66D3E651-8433-4BE8-9170-5141CAA43917}.Release|Any CPU.Build.0 = Release|Any CPU
	EndGlobalSection
	GlobalSection(SolutionProperties) = preSolution
		HideSolutionNode = FALSE
	EndGlobalSection
	GlobalSection(ExtensibilityGlobals) = postSolution
		SolutionGuid = {97889B77-54D8-4F2A-A44D-E792A0D98FB8}
	EndGlobalSection
EndGlobal
